
Microsoft Visual Studio Solution File, Format Version 12.00
# Visual Studio Version 17
VisualStudioVersion = 17.5.33414.496
MinimumVisualStudioVersion = 10.0.40219.1
Project("{FAE04EC0-301F-11D3-BF4B-00C04F79EFBC}") = "STUDENT_GRADE_CALCULATION", "STUDENT_GRADE_CALCULATION\STUDENT_GRADE_CALCULATION.csproj", "{5A98F464-1F0F-4EDA-9E49-AD631FEE4CFB}"
EndProject
Global
	GlobalSection(SolutionConfigurationPlatforms) = preSolution
		Debug|Any CPU = Debug|Any CPU
		Release|Any CPU = Release|Any CPU
	EndGlobalSection
	GlobalSection(ProjectConfigurationPlatforms) = postSolution
		{5A98F464-1F0F-4EDA-9E49-AD631FEE4CFB}.Debug|Any CPU.ActiveCfg = Debug|Any CPU
		{5A98F464-1F0F-4EDA-9E49-AD631FEE4CFB}.Debug|Any CPU.Build.0 = Debug|Any CPU
		{5A98F464-1F0F-4EDA-9E49-AD631FEE4CFB}.Release|Any CPU.ActiveCfg = Release|Any CPU
		{5A98F464-1F0F-4EDA-9E49-AD631FEE4CFB}.Release|Any CPU.Build.0 = Release|Any CPU
	EndGlobalSection
	GlobalSection(SolutionProperties) = preSolution
		HideSolutionNode = FALSE
	EndGlobalSection
	GlobalSection(ExtensibilityGlobals) = postSolution
		SolutionGuid = {417A282B-9D5A-4CC7-86CD-6D9CB200546A}
	EndGlobalSection
EndGlobal
